
Microsoft Visual Studio Solution File, Format Version 12.00
# Visual Studio Version 17
VisualStudioVersion = 17.11.35312.102
MinimumVisualStudioVersion = 10.0.40219.1
Project("{FAE04EC0-301F-11D3-BF4B-00C04F79EFBC}") = "tugasPertemuan11", "tugasPertemuan11\tugasPertemuan11.csproj", "{D7D0AD0E-EE6F-4ADC-9B59-5A87712CBBF0}"
EndProject
Global
	GlobalSection(SolutionConfigurationPlatforms) = preSolution
		Debug|Any CPU = Debug|Any CPU
		Release|Any CPU = Release|Any CPU
	EndGlobalSection
	GlobalSection(ProjectConfigurationPlatforms) = postSolution
		{D7D0AD0E-EE6F-4ADC-9B59-5A87712CBBF0}.Debug|Any CPU.ActiveCfg = Debug|Any CPU
		{D7D0AD0E-EE6F-4ADC-9B59-5A87712CBBF0}.Debug|Any CPU.Build.0 = Debug|Any CPU
		{D7D0AD0E-EE6F-4ADC-9B59-5A87712CBBF0}.Release|Any CPU.ActiveCfg = Release|Any CPU
		{D7D0AD0E-EE6F-4ADC-9B59-5A87712CBBF0}.Release|Any CPU.Build.0 = Release|Any CPU
	EndGlobalSection
	GlobalSection(SolutionProperties) = preSolution
		HideSolutionNode = FALSE
	EndGlobalSection
	GlobalSection(ExtensibilityGlobals) = postSolution
		SolutionGuid = {78B74788-DDC2-4241-A0E8-46158381A78B}
	EndGlobalSection
EndGlobal
